
Microsoft Visual Studio Solution File, Format Version 12.00
# Visual Studio 15
VisualStudioVersion = 15.0.27130.2036
MinimumVisualStudioVersion = 10.0.40219.1
Project("{9A19103F-16F7-4668-BE54-9A1E7A4F7556}") = "CarregarCotacoes", "CarregarCotacoes\CarregarCotacoes.csproj", "{03385EAF-4517-4D36-AEBF-828273CA10F1}"
EndProject
Project("{9A19103F-16F7-4668-BE54-9A1E7A4F7556}") = "APICotacoes", "APICotacoes\APICotacoes.csproj", "{4BCFDA30-B194-4FE6-BF60-2715C1A75FAC}"
EndProject
Global
	GlobalSection(SolutionConfigurationPlatforms) = preSolution
		Debug|Any CPU = Debug|Any CPU
		Release|Any CPU = Release|Any CPU
	EndGlobalSection
	GlobalSection(ProjectConfigurationPlatforms) = postSolution
		{03385EAF-4517-4D36-AEBF-828273CA10F1}.Debug|Any CPU.ActiveCfg = Debug|Any CPU
		{03385EAF-4517-4D36-AEBF-828273CA10F1}.Debug|Any CPU.Build.0 = Debug|Any CPU
		{03385EAF-4517-4D36-AEBF-828273CA10F1}.Release|Any CPU.ActiveCfg = Release|Any CPU
		{03385EAF-4517-4D36-AEBF-828273CA10F1}.Release|Any CPU.Build.0 = Release|Any CPU
		{4BCFDA30-B194-4FE6-BF60-2715C1A75FAC}.Debug|Any CPU.ActiveCfg = Debug|Any CPU
		{4BCFDA30-B194-4FE6-BF60-2715C1A75FAC}.Debug|Any CPU.Build.0 = Debug|Any CPU
		{4BCFDA30-B194-4FE6-BF60-2715C1A75FAC}.Release|Any CPU.ActiveCfg = Release|Any CPU
		{4BCFDA30-B194-4FE6-BF60-2715C1A75FAC}.Release|Any CPU.Build.0 = Release|Any CPU
	EndGlobalSection
	GlobalSection(SolutionProperties) = preSolution
		HideSolutionNode = FALSE
	EndGlobalSection
	GlobalSection(ExtensibilityGlobals) = postSolution
		SolutionGuid = {B6B4C3D4-0676-4CC6-AA03-CEB118DBE071}
	EndGlobalSection
EndGlobal
